
Microsoft Visual Studio Solution File, Format Version 12.00
# Visual Studio Version 16
VisualStudioVersion = 16.0.31112.23
MinimumVisualStudioVersion = 10.0.40219.1
Project("{FAE04EC0-301F-11D3-BF4B-00C04F79EFBC}") = "Sacaito", "Sacaito\Sacaito.csproj", "{D449136A-863B-494E-AB6B-D3C543DF68DA}"
EndProject
Global
	GlobalSection(SolutionConfigurationPlatforms) = preSolution
		Debug|Any CPU = Debug|Any CPU
		Release|Any CPU = Release|Any CPU
	EndGlobalSection
	GlobalSection(ProjectConfigurationPlatforms) = postSolution
		{D449136A-863B-494E-AB6B-D3C543DF68DA}.Debug|Any CPU.ActiveCfg = Debug|Any CPU
		{D449136A-863B-494E-AB6B-D3C543DF68DA}.Debug|Any CPU.Build.0 = Debug|Any CPU
		{D449136A-863B-494E-AB6B-D3C543DF68DA}.Release|Any CPU.ActiveCfg = Release|Any CPU
		{D449136A-863B-494E-AB6B-D3C543DF68DA}.Release|Any CPU.Build.0 = Release|Any CPU
	EndGlobalSection
	GlobalSection(SolutionProperties) = preSolution
		HideSolutionNode = FALSE
	EndGlobalSection
	GlobalSection(ExtensibilityGlobals) = postSolution
		SolutionGuid = {930CB1D9-12A8-415A-9DA7-F381E84A86F4}
	EndGlobalSection
EndGlobal
